<?xml version="1.0" encoding="utf-8"?>
<Project ToolsVersion="4.0" xmlns="http://schemas.microsoft.com/developer/msbuild/2003">
  <ItemGroup>
    <Filter Include="Source Files">
      <UniqueIdentifier>{4FC737F1-C7A5-4376-A066-2A32D752A2FF}</UniqueIdentifier>
      <Extensions>cpp;c;cc;cxx;c++;cppm;ixx;def;odl;idl;hpj;bat;asm;asmx</Extensions>
    </Filter>
    <Filter Include="Header Files">
      <UniqueIdentifier>{93995380-89BD-4b04-88EB-625FBE52EBFB}</UniqueIdentifier>
      <Extensions>h;hh;hpp;hxx;h++;hm;inl;inc;ipp;xsd</Extensions>
    </Filter>
    <Filter Include="Resource Files">
      <UniqueIdentifier>{67DA6AB6-F800-4c08-8B7A-83BB121AAD01}</UniqueIdentifier>
      <Extensions>rc;ico;cur;bmp;dlg;rc2;rct;bin;rgs;gif;jpg;jpeg;jpe;resx;tiff;tif;png;wav;mfcribbon-ms</Extensions>
    </Filter>
    <Filter Include="Source Files\detail">
      <UniqueIdentifier>{401d6ffb-3ce3-4e2a-8828-8d022528e7eb}</UniqueIdentifier>
    </Filter>
    <Filter Include="Header Files\detail">
      <UniqueIdentifier>{c640a2a2-3dde-47ce-99f1-e427a24e7731}</UniqueIdentifier>
    </Filter>
  </ItemGroup>
  <ItemGroup>
    <ClCompile Include="..\..\rice\Data_Type.cpp">
      <Filter>Source Files</Filter>
    </ClCompile>
    <ClCompile Include="..\..\rice\Director.cpp">
      <Filter>Source Files</Filter>
    </ClCompile>
    <ClCompile Include="..\..\rice\Exception.cpp">
      <Filter>Source Files</Filter>
    </ClCompile>
    <ClCompile Include="..\..\rice\Identifier.cpp">
      <Filter>Source Files</Filter>
    </ClCompile>
    <ClCompile Include="..\..\rice\Module.cpp">
      <Filter>Source Files</Filter>
    </ClCompile>
    <ClCompile Include="..\..\rice\Object.cpp">
      <Filter>Source Files</Filter>
    </ClCompile>
    <ClCompile Include="..\..\rice\String.cpp">
      <Filter>Source Files</Filter>
    </ClCompile>
    <ClCompile Include="..\..\rice\Struct.cpp">
      <Filter>Source Files</Filter>
    </ClCompile>
    <ClCompile Include="..\..\rice\Symbol.cpp">
      <Filter>Source Files</Filter>
    </ClCompile>
    <ClCompile Include="..\..\rice\Arg_operators.cpp">
      <Filter>Source Files</Filter>
    </ClCompile>
    <ClCompile Include="..\..\rice\detail\demangle.cpp">
      <Filter>Source Files\detail</Filter>
    </ClCompile>
    <ClCompile Include="..\..\rice\detail\method_data.cpp">
      <Filter>Source Files\detail</Filter>
    </ClCompile>
    <ClCompile Include="..\..\rice\detail\protect.cpp">
      <Filter>Source Files\detail</Filter>
    </ClCompile>
    <ClCompile Include="..\..\rice\detail\check_ruby_type.cpp">
      <Filter>Source Files\detail</Filter>
    </ClCompile>
    <ClCompile Include="..\..\rice\Address_Registration_Guard.cpp">
      <Filter>Source Files</Filter>
    </ClCompile>
    <ClCompile Include="..\..\rice\Class.cpp">
      <Filter>Source Files</Filter>
    </ClCompile>
  </ItemGroup>
  <ItemGroup>
    <ClInclude Include="..\..\rice\Address_Registration_Guard.hpp">
      <Filter>Header Files</Filter>
    </ClInclude>
    <ClInclude Include="..\..\rice\Address_Registration_Guard_defn.hpp">
      <Filter>Header Files</Filter>
    </ClInclude>
    <ClInclude Include="..\..\rice\Arg.hpp">
      <Filter>Header Files</Filter>
    </ClInclude>
    <ClInclude Include="..\..\rice\Arg_impl.hpp">
      <Filter>Header Files</Filter>
    </ClInclude>
    <ClInclude Include="..\..\rice\Arg_operators.hpp">
      <Filter>Header Files</Filter>
    </ClInclude>
    <ClInclude Include="..\..\rice\Array.hpp">
      <Filter>Header Files</Filter>
    </ClInclude>
    <ClInclude Include="..\..\rice\Builtin_Object.hpp">
      <Filter>Header Files</Filter>
    </ClInclude>
    <ClInclude Include="..\..\rice\Builtin_Object_defn.hpp">
      <Filter>Header Files</Filter>
    </ClInclude>
    <ClInclude Include="..\..\rice\Class.hpp">
      <Filter>Header Files</Filter>
    </ClInclude>
    <ClInclude Include="..\..\rice\Class_defn.hpp">
      <Filter>Header Files</Filter>
    </ClInclude>
    <ClInclude Include="..\..\rice\config.hpp">
      <Filter>Header Files</Filter>
    </ClInclude>
    <ClInclude Include="..\..\rice\Constructor.hpp">
      <Filter>Header Files</Filter>
    </ClInclude>
    <ClInclude Include="..\..\rice\Data_Object.hpp">
      <Filter>Header Files</Filter>
    </ClInclude>
    <ClInclude Include="..\..\rice\Data_Object_defn.hpp">
      <Filter>Header Files</Filter>
    </ClInclude>
    <ClInclude Include="..\..\rice\Data_Type.hpp">
      <Filter>Header Files</Filter>
    </ClInclude>
    <ClInclude Include="..\..\rice\Data_Type_defn.hpp">
      <Filter>Header Files</Filter>
    </ClInclude>
    <ClInclude Include="..\..\rice\Director.hpp">
      <Filter>Header Files</Filter>
    </ClInclude>
    <ClInclude Include="..\..\rice\Enum.hpp">
      <Filter>Header Files</Filter>
    </ClInclude>
    <ClInclude Include="..\..\rice\Exception.hpp">
      <Filter>Header Files</Filter>
    </ClInclude>
    <ClInclude Include="..\..\rice\Exception_Base.hpp">
      <Filter>Header Files</Filter>
    </ClInclude>
    <ClInclude Include="..\..\rice\Exception_Base_defn.hpp">
      <Filter>Header Files</Filter>
    </ClInclude>
    <ClInclude Include="..\..\rice\Exception_defn.hpp">
      <Filter>Header Files</Filter>
    </ClInclude>
    <ClInclude Include="..\..\rice\global_function.hpp">
      <Filter>Header Files</Filter>
    </ClInclude>
    <ClInclude Include="..\..\rice\Hash.hpp">
      <Filter>Header Files</Filter>
    </ClInclude>
    <ClInclude Include="..\..\rice\Identifier.hpp">
      <Filter>Header Files</Filter>
    </ClInclude>
    <ClInclude Include="..\..\rice\Jump_Tag.hpp">
      <Filter>Header Files</Filter>
    </ClInclude>
    <ClInclude Include="..\..\rice\Module.hpp">
      <Filter>Header Files</Filter>
    </ClInclude>
    <ClInclude Include="..\..\rice\Module_defn.hpp">
      <Filter>Header Files</Filter>
    </ClInclude>
    <ClInclude Include="..\..\rice\Module_impl.hpp">
      <Filter>Header Files</Filter>
    </ClInclude>
    <ClInclude Include="..\..\rice\Object.hpp">
      <Filter>Header Files</Filter>
    </ClInclude>
    <ClInclude Include="..\..\rice\Object_defn.hpp">
      <Filter>Header Files</Filter>
    </ClInclude>
    <ClInclude Include="..\..\rice\protect.hpp">
      <Filter>Header Files</Filter>
    </ClInclude>
    <ClInclude Include="..\..\rice\Require_Guard.hpp">
      <Filter>Header Files</Filter>
    </ClInclude>
    <ClInclude Include="..\..\rice\ruby_mark.hpp">
      <Filter>Header Files</Filter>
    </ClInclude>
    <ClInclude Include="..\..\rice\ruby_try_catch.hpp">
      <Filter>Header Files</Filter>
    </ClInclude>
    <ClInclude Include="..\..\rice\String.hpp">
      <Filter>Header Files</Filter>
    </ClInclude>
    <ClInclude Include="..\..\rice\Struct.hpp">
      <Filter>Header Files</Filter>
    </ClInclude>
    <ClInclude Include="..\..\rice\Symbol.hpp">
      <Filter>Header Files</Filter>
    </ClInclude>
    <ClInclude Include="..\..\rice\to_from_ruby.hpp">
      <Filter>Header Files</Filter>
    </ClInclude>
    <ClInclude Include="..\..\rice\to_from_ruby_defn.hpp">
      <Filter>Header Files</Filter>
    </ClInclude>
    <ClInclude Include="..\..\rice\Address_Registration_Guard.ipp">
      <Filter>Header Files</Filter>
    </ClInclude>
    <ClInclude Include="..\..\rice\Array.ipp">
      <Filter>Header Files</Filter>
    </ClInclude>
    <ClInclude Include="..\..\rice\Builtin_Object.ipp">
      <Filter>Header Files</Filter>
    </ClInclude>
    <ClInclude Include="..\..\rice\Class.ipp">
      <Filter>Header Files</Filter>
    </ClInclude>
    <ClInclude Include="..\..\rice\Data_Object.ipp">
      <Filter>Header Files</Filter>
    </ClInclude>
    <ClInclude Include="..\..\rice\Data_Type.ipp">
      <Filter>Header Files</Filter>
    </ClInclude>
    <ClInclude Include="..\..\rice\Enum.ipp">
      <Filter>Header Files</Filter>
    </ClInclude>
    <ClInclude Include="..\..\rice\Exception_Base.ipp">
      <Filter>Header Files</Filter>
    </ClInclude>
    <ClInclude Include="..\..\rice\global_function.ipp">
      <Filter>Header Files</Filter>
    </ClInclude>
    <ClInclude Include="..\..\rice\Hash.ipp">
      <Filter>Header Files</Filter>
    </ClInclude>
    <ClInclude Include="..\..\rice\Identifier.ipp">
      <Filter>Header Files</Filter>
    </ClInclude>
    <ClInclude Include="..\..\rice\Module.ipp">
      <Filter>Header Files</Filter>
    </ClInclude>
    <ClInclude Include="..\..\rice\Module_impl.ipp">
      <Filter>Header Files</Filter>
    </ClInclude>
    <ClInclude Include="..\..\rice\Object.ipp">
      <Filter>Header Files</Filter>
    </ClInclude>
    <ClInclude Include="..\..\rice\protect.ipp">
      <Filter>Header Files</Filter>
    </ClInclude>
    <ClInclude Include="..\..\rice\Struct.ipp">
      <Filter>Header Files</Filter>
    </ClInclude>
    <ClInclude Include="..\..\rice\Symbol.ipp">
      <Filter>Header Files</Filter>
    </ClInclude>
    <ClInclude Include="..\..\rice\to_from_ruby.ipp">
      <Filter>Header Files</Filter>
    </ClInclude>
    <ClInclude Include="..\..\rice\detail\Arguments.hpp">
      <Filter>Header Files\detail</Filter>
    </ClInclude>
    <ClInclude Include="..\..\rice\detail\Auto_Function_Wrapper.hpp">
      <Filter>Header Files\detail</Filter>
    </ClInclude>
    <ClInclude Include="..\..\rice\detail\Auto_Member_Function_Wrapper.hpp">
      <Filter>Header Files\detail</Filter>
    </ClInclude>
    <ClInclude Include="..\..\rice\detail\Caster.hpp">
      <Filter>Header Files\detail</Filter>
    </ClInclude>
    <ClInclude Include="..\..\rice\detail\cfp.hpp">
      <Filter>Header Files\detail</Filter>
    </ClInclude>
    <ClInclude Include="..\..\rice\detail\check_ruby_type.hpp">
      <Filter>Header Files\detail</Filter>
    </ClInclude>
    <ClInclude Include="..\..\rice\detail\creation_funcs.hpp">
      <Filter>Header Files\detail</Filter>
    </ClInclude>
    <ClInclude Include="..\..\rice\detail\default_allocation_func.hpp">
      <Filter>Header Files\detail</Filter>
    </ClInclude>
    <ClInclude Include="..\..\rice\detail\define_method_and_auto_wrap.hpp">
      <Filter>Header Files\detail</Filter>
    </ClInclude>
    <ClInclude Include="..\..\rice\detail\demangle.hpp">
      <Filter>Header Files\detail</Filter>
    </ClInclude>
    <ClInclude Include="..\..\rice\detail\env.hpp">
      <Filter>Header Files\detail</Filter>
    </ClInclude>
    <ClInclude Include="..\..\rice\detail\Exception_Handler.hpp">
      <Filter>Header Files\detail</Filter>
    </ClInclude>
    <ClInclude Include="..\..\rice\detail\Exception_Handler_defn.hpp">
      <Filter>Header Files\detail</Filter>
    </ClInclude>
    <ClInclude Include="..\..\rice\detail\from_ruby.hpp">
      <Filter>Header Files\detail</Filter>
    </ClInclude>
    <ClInclude Include="..\..\rice\detail\Iterator.hpp">
      <Filter>Header Files\detail</Filter>
    </ClInclude>
    <ClInclude Include="..\..\rice\detail\method_data.hpp">
      <Filter>Header Files\detail</Filter>
    </ClInclude>
    <ClInclude Include="..\..\rice\detail\node.hpp">
      <Filter>Header Files\detail</Filter>
    </ClInclude>
    <ClInclude Include="..\..\rice\detail\Not_Copyable.hpp">
      <Filter>Header Files\detail</Filter>
    </ClInclude>
    <ClInclude Include="..\..\rice\detail\protect.hpp">
      <Filter>Header Files\detail</Filter>
    </ClInclude>
    <ClInclude Include="..\..\rice\detail\ruby.hpp">
      <Filter>Header Files\detail</Filter>
    </ClInclude>
    <ClInclude Include="..\..\rice\detail\ruby_version_code.hpp">
      <Filter>Header Files\detail</Filter>
    </ClInclude>
    <ClInclude Include="..\..\rice\detail\st.hpp">
      <Filter>Header Files\detail</Filter>
    </ClInclude>
    <ClInclude Include="..\..\rice\detail\to_ruby.hpp">
      <Filter>Header Files\detail</Filter>
    </ClInclude>
    <ClInclude Include="..\..\rice\detail\win32.hpp">
      <Filter>Header Files\detail</Filter>
    </ClInclude>
    <ClInclude Include="..\..\rice\detail\wrap_function.hpp">
      <Filter>Header Files\detail</Filter>
    </ClInclude>
    <ClInclude Include="..\..\rice\detail\Wrapped_Function.hpp">
      <Filter>Header Files\detail</Filter>
    </ClInclude>
    <ClInclude Include="..\..\rice\detail\Auto_Function_Wrapper.ipp">
      <Filter>Header Files\detail</Filter>
    </ClInclude>
    <ClInclude Include="..\..\rice\detail\Auto_Member_Function_Wrapper.ipp">
      <Filter>Header Files\detail</Filter>
    </ClInclude>
    <ClInclude Include="..\..\rice\detail\cfp.ipp">
      <Filter>Header Files\detail</Filter>
    </ClInclude>
    <ClInclude Include="..\..\rice\detail\creation_funcs.ipp">
      <Filter>Header Files\detail</Filter>
    </ClInclude>
    <ClInclude Include="..\..\rice\detail\default_allocation_func.ipp">
      <Filter>Header Files\detail</Filter>
    </ClInclude>
    <ClInclude Include="..\..\rice\detail\define_method_and_auto_wrap.ipp">
      <Filter>Header Files\detail</Filter>
    </ClInclude>
    <ClInclude Include="..\..\rice\detail\Exception_Handler.ipp">
      <Filter>Header Files\detail</Filter>
    </ClInclude>
    <ClInclude Include="..\..\rice\detail\from_ruby.ipp">
      <Filter>Header Files\detail</Filter>
    </ClInclude>
    <ClInclude Include="..\..\rice\detail\to_ruby.ipp">
      <Filter>Header Files\detail</Filter>
    </ClInclude>
    <ClInclude Include="..\..\rice\Data_Type_fwd.hpp">
      <Filter>Header Files</Filter>
    </ClInclude>
    <ClInclude Include="..\..\rice\detail\Auto_Function_Self_Wrapper.hpp">
      <Filter>Header Files\detail</Filter>
    </ClInclude>
    <ClInclude Include="..\..\rice\detail\Auto_Function_Self_Wrapper.ipp">
      <Filter>Header Files\detail</Filter>
    </ClInclude>
  </ItemGroup>
  <ItemGroup>
    <None Include="..\..\rice\config.hpp.in">
      <Filter>Header Files</Filter>
    </None>
    <None Include="..\..\rice\config.hpp.in~">
      <Filter>Header Files</Filter>
    </None>
    <None Include="..\..\rice\protect.ipp.mustache">
      <Filter>Header Files</Filter>
    </None>
    <None Include="..\..\rice\detail\object_call.hpp.mustache">
      <Filter>Header Files\detail</Filter>
    </None>
    <None Include="..\..\rice\detail\ruby_version_code.hpp.in">
      <Filter>Header Files\detail</Filter>
    </None>
    <None Include="..\..\rice\detail\object_call.ipp.mustache">
      <Filter>Header Files\detail</Filter>
    </None>
  </ItemGroup>
</Project>